
Microsoft Visual Studio Solution File, Format Version 12.00
# Visual Studio Version 16
VisualStudioVersion = 16.0.31025.194
MinimumVisualStudioVersion = 10.0.40219.1
Project("{9A19103F-16F7-4668-BE54-9A1E7A4F7556}") = "Electronic Learning System", "WebApplication1\Electronic Learning System.csproj", "{C967917C-B656-4FD3-A892-0FB7A2793C25}"
EndProject
Global
	GlobalSection(SolutionConfigurationPlatforms) = preSolution
		Debug|Any CPU = Debug|Any CPU
		Release|Any CPU = Release|Any CPU
	EndGlobalSection
	GlobalSection(ProjectConfigurationPlatforms) = postSolution
		{C967917C-B656-4FD3-A892-0FB7A2793C25}.Debug|Any CPU.ActiveCfg = Debug|Any CPU
		{C967917C-B656-4FD3-A892-0FB7A2793C25}.Debug|Any CPU.Build.0 = Debug|Any CPU
		{C967917C-B656-4FD3-A892-0FB7A2793C25}.Release|Any CPU.ActiveCfg = Release|Any CPU
		{C967917C-B656-4FD3-A892-0FB7A2793C25}.Release|Any CPU.Build.0 = Release|Any CPU
	EndGlobalSection
	GlobalSection(SolutionProperties) = preSolution
		HideSolutionNode = FALSE
	EndGlobalSection
	GlobalSection(ExtensibilityGlobals) = postSolution
		SolutionGuid = {4D5E2916-26E3-4E0B-BEC7-B0BD0B3237B4}
	EndGlobalSection
EndGlobal
